// !$*UTF8*$!
{
	archiveVersion = 1;
	classes = {
	};
	objectVersion = 56;
	objects = {

/* Begin PBXBuildFile section */
		F018B5172B369CEB00099C88 /* TimeRecommendation.swift in Sources */ = {isa = PBXBuildFile; fileRef = F018B5162B369CEB00099C88 /* TimeRecommendation.swift */; };
		F0256F102B288DAE00487995 /* Extension+Date.swift in Sources */ = {isa = PBXBuildFile; fileRef = F0256F0F2B288DAE00487995 /* Extension+Date.swift */; };
		F05ED90E2B1167EE00948809 /* EarlyBirdApp.swift in Sources */ = {isa = PBXBuildFile; fileRef = F05ED90D2B1167EE00948809 /* EarlyBirdApp.swift */; };
		F05ED9122B1167EF00948809 /* Assets.xcassets in Resources */ = {isa = PBXBuildFile; fileRef = F05ED9112B1167EF00948809 /* Assets.xcassets */; };
		F05ED9152B1167EF00948809 /* Preview Assets.xcassets in Resources */ = {isa = PBXBuildFile; fileRef = F05ED9142B1167EF00948809 /* Preview Assets.xcassets */; };
		F05ED9262B11775100948809 /* Extensions+String.swift in Sources */ = {isa = PBXBuildFile; fileRef = F05ED9252B11775100948809 /* Extensions+String.swift */; };
		F05ED9282B1177CC00948809 /* Extensions+TimeInterval.swift in Sources */ = {isa = PBXBuildFile; fileRef = F05ED9272B1177CC00948809 /* Extensions+TimeInterval.swift */; };
		F05ED92B2B117F1E00948809 /* Extensions+CGFloat.swift in Sources */ = {isa = PBXBuildFile; fileRef = F05ED92A2B117F1E00948809 /* Extensions+CGFloat.swift */; };
		F062D9AC2B456773000342F2 /* Symbols.swift in Sources */ = {isa = PBXBuildFile; fileRef = F062D9AB2B456773000342F2 /* Symbols.swift */; };
		F062D9AE2B45677D000342F2 /* Theme.swift in Sources */ = {isa = PBXBuildFile; fileRef = F062D9AD2B45677D000342F2 /* Theme.swift */; };
		F070D1E72B48312D007934F8 /* ArcShape.swift in Sources */ = {isa = PBXBuildFile; fileRef = F070D1E62B48312D007934F8 /* ArcShape.swift */; };
		F070D1E92B4838C7007934F8 /* HabitTimeView.swift in Sources */ = {isa = PBXBuildFile; fileRef = F070D1E82B4838C7007934F8 /* HabitTimeView.swift */; };
		F08C86F32B36ACCF0090B55B /* PresetList.swift in Sources */ = {isa = PBXBuildFile; fileRef = F08C86F22B36ACCF0090B55B /* PresetList.swift */; };
		F08C86F52B37B3E60090B55B /* SortMenu.swift in Sources */ = {isa = PBXBuildFile; fileRef = F08C86F42B37B3E60090B55B /* SortMenu.swift */; };
		F08C86F72B38005D0090B55B /* Extension+CancelBag.swift in Sources */ = {isa = PBXBuildFile; fileRef = F08C86F62B38005D0090B55B /* Extension+CancelBag.swift */; };
		F0A186082B11C392009A2829 /* CustomTimePickers.swift in Sources */ = {isa = PBXBuildFile; fileRef = F0A186072B11C392009A2829 /* CustomTimePickers.swift */; };
		F0A1860C2B11C9AE009A2829 /* Time.swift in Sources */ = {isa = PBXBuildFile; fileRef = F0A1860B2B11C9AE009A2829 /* Time.swift */; };
		F0CBC70C2B3AF66B0092A7AA /* RoutineField.swift in Sources */ = {isa = PBXBuildFile; fileRef = F0CBC70B2B3AF66B0092A7AA /* RoutineField.swift */; };
		F0CBC70E2B3AFA000092A7AA /* RadioButton.swift in Sources */ = {isa = PBXBuildFile; fileRef = F0CBC70D2B3AFA000092A7AA /* RadioButton.swift */; };
		F0CBC77B2B3FEA3D0092A7AA /* Extension+UIColor.swift in Sources */ = {isa = PBXBuildFile; fileRef = F0CBC77A2B3FEA3D0092A7AA /* Extension+UIColor.swift */; };
		F0CBC77E2B3FEA880092A7AA /* EarlyBird.xcdatamodeld in Sources */ = {isa = PBXBuildFile; fileRef = F0CBC77C2B3FEA880092A7AA /* EarlyBird.xcdatamodeld */; };
		F0CBC7812B3FEC8E0092A7AA /* PersistentController.swift in Sources */ = {isa = PBXBuildFile; fileRef = F0CBC7802B3FEC8E0092A7AA /* PersistentController.swift */; };
		F0CBC7832B3FEE7A0092A7AA /* Extension+Habit.swift in Sources */ = {isa = PBXBuildFile; fileRef = F0CBC7822B3FEE7A0092A7AA /* Extension+Habit.swift */; };
		F0CBC7852B3FEF3D0092A7AA /* Extension+Action.swift in Sources */ = {isa = PBXBuildFile; fileRef = F0CBC7842B3FEF3D0092A7AA /* Extension+Action.swift */; };
		F0CBC7872B3FFF780092A7AA /* HabitStorage.swift in Sources */ = {isa = PBXBuildFile; fileRef = F0CBC7862B3FFF780092A7AA /* HabitStorage.swift */; };
		F0CBC78A2B4014A30092A7AA /* HabitListView.swift in Sources */ = {isa = PBXBuildFile; fileRef = F0CBC7892B4014A30092A7AA /* HabitListView.swift */; };
		F0CBC78C2B4014E00092A7AA /* HabitListViewModel.swift in Sources */ = {isa = PBXBuildFile; fileRef = F0CBC78B2B4014E00092A7AA /* HabitListViewModel.swift */; };
		F0CBC78E2B40163D0092A7AA /* HabitDetailView.swift in Sources */ = {isa = PBXBuildFile; fileRef = F0CBC78D2B40163D0092A7AA /* HabitDetailView.swift */; };
		F0CBC7902B4016570092A7AA /* HabitDetailViewModel.swift in Sources */ = {isa = PBXBuildFile; fileRef = F0CBC78F2B4016570092A7AA /* HabitDetailViewModel.swift */; };
		F0CBC7922B4017C10092A7AA /* Extension+Color.swift in Sources */ = {isa = PBXBuildFile; fileRef = F0CBC7912B4017C10092A7AA /* Extension+Color.swift */; };
		F0CBC7962B401A180092A7AA /* HabitRow.swift in Sources */ = {isa = PBXBuildFile; fileRef = F0CBC7952B401A180092A7AA /* HabitRow.swift */; };
		F0CBC79B2B401EF30092A7AA /* ActionListView.swift in Sources */ = {isa = PBXBuildFile; fileRef = F0CBC79A2B401EF20092A7AA /* ActionListView.swift */; };
		F0CBC79D2B4103640092A7AA /* ActionListViewModel.swift in Sources */ = {isa = PBXBuildFile; fileRef = F0CBC79C2B4103640092A7AA /* ActionListViewModel.swift */; };
		F0CBC79F2B4105F80092A7AA /* TimelineSummaryView.swift in Sources */ = {isa = PBXBuildFile; fileRef = F0CBC79E2B4105F80092A7AA /* TimelineSummaryView.swift */; };
		F0CBC7A12B410F4B0092A7AA /* ActionRow.swift in Sources */ = {isa = PBXBuildFile; fileRef = F0CBC7A02B410F4B0092A7AA /* ActionRow.swift */; };
		F0CBC7A52B4139650092A7AA /* ActionDetailView.swift in Sources */ = {isa = PBXBuildFile; fileRef = F0CBC7A42B4139650092A7AA /* ActionDetailView.swift */; };
		F0CBC7A72B4139760092A7AA /* ActionDetailViewModel.swift in Sources */ = {isa = PBXBuildFile; fileRef = F0CBC7A62B4139760092A7AA /* ActionDetailViewModel.swift */; };
		F0CBC7AB2B4168740092A7AA /* ActionStorage.swift in Sources */ = {isa = PBXBuildFile; fileRef = F0CBC7AA2B4168740092A7AA /* ActionStorage.swift */; };
		F0CBC7AF2B42CC070092A7AA /* TimelineController.swift in Sources */ = {isa = PBXBuildFile; fileRef = F0CBC7AE2B42CC070092A7AA /* TimelineController.swift */; };
		F0EBB7872B46A956006B5975 /* NewHabitView.swift in Sources */ = {isa = PBXBuildFile; fileRef = F0EBB7862B46A956006B5975 /* NewHabitView.swift */; };
/* End PBXBuildFile section */

/* Begin PBXFileReference section */
		F018B5162B369CEB00099C88 /* TimeRecommendation.swift */ = {isa = PBXFileReference; lastKnownFileType = sourcecode.swift; path = TimeRecommendation.swift; sourceTree = "<group>"; };
		F0256F0F2B288DAE00487995 /* Extension+Date.swift */ = {isa = PBXFileReference; lastKnownFileType = sourcecode.swift; path = "Extension+Date.swift"; sourceTree = "<group>"; };
		F05ED90A2B1167EE00948809 /* EarlyBird.app */ = {isa = PBXFileReference; explicitFileType = wrapper.application; includeInIndex = 0; path = EarlyBird.app; sourceTree = BUILT_PRODUCTS_DIR; };
		F05ED90D2B1167EE00948809 /* EarlyBirdApp.swift */ = {isa = PBXFileReference; lastKnownFileType = sourcecode.swift; path = EarlyBirdApp.swift; sourceTree = "<group>"; };
		F05ED9112B1167EF00948809 /* Assets.xcassets */ = {isa = PBXFileReference; lastKnownFileType = folder.assetcatalog; path = Assets.xcassets; sourceTree = "<group>"; };
		F05ED9142B1167EF00948809 /* Preview Assets.xcassets */ = {isa = PBXFileReference; lastKnownFileType = folder.assetcatalog; path = "Preview Assets.xcassets"; sourceTree = "<group>"; };
		F05ED9252B11775100948809 /* Extensions+String.swift */ = {isa = PBXFileReference; lastKnownFileType = sourcecode.swift; path = "Extensions+String.swift"; sourceTree = "<group>"; };
		F05ED9272B1177CC00948809 /* Extensions+TimeInterval.swift */ = {isa = PBXFileReference; lastKnownFileType = sourcecode.swift; path = "Extensions+TimeInterval.swift"; sourceTree = "<group>"; };
		F05ED92A2B117F1E00948809 /* Extensions+CGFloat.swift */ = {isa = PBXFileReference; lastKnownFileType = sourcecode.swift; path = "Extensions+CGFloat.swift"; sourceTree = "<group>"; };
		F062D9AB2B456773000342F2 /* Symbols.swift */ = {isa = PBXFileReference; lastKnownFileType = sourcecode.swift; path = Symbols.swift; sourceTree = "<group>"; };
		F062D9AD2B45677D000342F2 /* Theme.swift */ = {isa = PBXFileReference; lastKnownFileType = sourcecode.swift; path = Theme.swift; sourceTree = "<group>"; };
		F070D1E62B48312D007934F8 /* ArcShape.swift */ = {isa = PBXFileReference; lastKnownFileType = sourcecode.swift; path = ArcShape.swift; sourceTree = "<group>"; };
		F070D1E82B4838C7007934F8 /* HabitTimeView.swift */ = {isa = PBXFileReference; lastKnownFileType = sourcecode.swift; path = HabitTimeView.swift; sourceTree = "<group>"; };
		F08C86F22B36ACCF0090B55B /* PresetList.swift */ = {isa = PBXFileReference; lastKnownFileType = sourcecode.swift; path = PresetList.swift; sourceTree = "<group>"; };
		F08C86F42B37B3E60090B55B /* SortMenu.swift */ = {isa = PBXFileReference; lastKnownFileType = sourcecode.swift; path = SortMenu.swift; sourceTree = "<group>"; };
		F08C86F62B38005D0090B55B /* Extension+CancelBag.swift */ = {isa = PBXFileReference; lastKnownFileType = sourcecode.swift; path = "Extension+CancelBag.swift"; sourceTree = "<group>"; };
		F0A186072B11C392009A2829 /* CustomTimePickers.swift */ = {isa = PBXFileReference; lastKnownFileType = sourcecode.swift; path = CustomTimePickers.swift; sourceTree = "<group>"; };
		F0A1860B2B11C9AE009A2829 /* Time.swift */ = {isa = PBXFileReference; lastKnownFileType = sourcecode.swift; path = Time.swift; sourceTree = "<group>"; };
		F0CBC70B2B3AF66B0092A7AA /* RoutineField.swift */ = {isa = PBXFileReference; lastKnownFileType = sourcecode.swift; path = RoutineField.swift; sourceTree = "<group>"; };
		F0CBC70D2B3AFA000092A7AA /* RadioButton.swift */ = {isa = PBXFileReference; lastKnownFileType = sourcecode.swift; path = RadioButton.swift; sourceTree = "<group>"; };
		F0CBC77A2B3FEA3D0092A7AA /* Extension+UIColor.swift */ = {isa = PBXFileReference; lastKnownFileType = sourcecode.swift; path = "Extension+UIColor.swift"; sourceTree = "<group>"; };
		F0CBC77D2B3FEA880092A7AA /* EarlyBird.xcdatamodel */ = {isa = PBXFileReference; lastKnownFileType = wrapper.xcdatamodel; path = EarlyBird.xcdatamodel; sourceTree = "<group>"; };
		F0CBC7802B3FEC8E0092A7AA /* PersistentController.swift */ = {isa = PBXFileReference; lastKnownFileType = sourcecode.swift; path = PersistentController.swift; sourceTree = "<group>"; };
		F0CBC7822B3FEE7A0092A7AA /* Extension+Habit.swift */ = {isa = PBXFileReference; lastKnownFileType = sourcecode.swift; path = "Extension+Habit.swift"; sourceTree = "<group>"; };
		F0CBC7842B3FEF3D0092A7AA /* Extension+Action.swift */ = {isa = PBXFileReference; lastKnownFileType = sourcecode.swift; path = "Extension+Action.swift"; sourceTree = "<group>"; };
		F0CBC7862B3FFF780092A7AA /* HabitStorage.swift */ = {isa = PBXFileReference; lastKnownFileType = sourcecode.swift; path = HabitStorage.swift; sourceTree = "<group>"; };
		F0CBC7892B4014A30092A7AA /* HabitListView.swift */ = {isa = PBXFileReference; lastKnownFileType = sourcecode.swift; path = HabitListView.swift; sourceTree = "<group>"; };
		F0CBC78B2B4014E00092A7AA /* HabitListViewModel.swift */ = {isa = PBXFileReference; lastKnownFileType = sourcecode.swift; path = HabitListViewModel.swift; sourceTree = "<group>"; };
		F0CBC78D2B40163D0092A7AA /* HabitDetailView.swift */ = {isa = PBXFileReference; lastKnownFileType = sourcecode.swift; path = HabitDetailView.swift; sourceTree = "<group>"; };
		F0CBC78F2B4016570092A7AA /* HabitDetailViewModel.swift */ = {isa = PBXFileReference; lastKnownFileType = sourcecode.swift; path = HabitDetailViewModel.swift; sourceTree = "<group>"; };
		F0CBC7912B4017C10092A7AA /* Extension+Color.swift */ = {isa = PBXFileReference; lastKnownFileType = sourcecode.swift; path = "Extension+Color.swift"; sourceTree = "<group>"; };
		F0CBC7952B401A180092A7AA /* HabitRow.swift */ = {isa = PBXFileReference; lastKnownFileType = sourcecode.swift; path = HabitRow.swift; sourceTree = "<group>"; };
		F0CBC79A2B401EF20092A7AA /* ActionListView.swift */ = {isa = PBXFileReference; lastKnownFileType = sourcecode.swift; path = ActionListView.swift; sourceTree = "<group>"; };
		F0CBC79C2B4103640092A7AA /* ActionListViewModel.swift */ = {isa = PBXFileReference; lastKnownFileType = sourcecode.swift; path = ActionListViewModel.swift; sourceTree = "<group>"; };
		F0CBC79E2B4105F80092A7AA /* TimelineSummaryView.swift */ = {isa = PBXFileReference; lastKnownFileType = sourcecode.swift; path = TimelineSummaryView.swift; sourceTree = "<group>"; };
		F0CBC7A02B410F4B0092A7AA /* ActionRow.swift */ = {isa = PBXFileReference; lastKnownFileType = sourcecode.swift; path = ActionRow.swift; sourceTree = "<group>"; };
		F0CBC7A42B4139650092A7AA /* ActionDetailView.swift */ = {isa = PBXFileReference; lastKnownFileType = sourcecode.swift; path = ActionDetailView.swift; sourceTree = "<group>"; };
		F0CBC7A62B4139760092A7AA /* ActionDetailViewModel.swift */ = {isa = PBXFileReference; lastKnownFileType = sourcecode.swift; path = ActionDetailViewModel.swift; sourceTree = "<group>"; };
		F0CBC7AA2B4168740092A7AA /* ActionStorage.swift */ = {isa = PBXFileReference; lastKnownFileType = sourcecode.swift; path = ActionStorage.swift; sourceTree = "<group>"; };
		F0CBC7AE2B42CC070092A7AA /* TimelineController.swift */ = {isa = PBXFileReference; lastKnownFileType = sourcecode.swift; path = TimelineController.swift; sourceTree = "<group>"; };
		F0EBB7862B46A956006B5975 /* NewHabitView.swift */ = {isa = PBXFileReference; lastKnownFileType = sourcecode.swift; path = NewHabitView.swift; sourceTree = "<group>"; };
/* End PBXFileReference section */

/* Begin PBXFrameworksBuildPhase section */
		F05ED9072B1167EE00948809 /* Frameworks */ = {
			isa = PBXFrameworksBuildPhase;
			buildActionMask = 2147483647;
			files = (
			);
			runOnlyForDeploymentPostprocessing = 0;
		};
/* End PBXFrameworksBuildPhase section */

/* Begin PBXGroup section */
		F05ED9012B1167EE00948809 = {
			isa = PBXGroup;
			children = (
				F0CBC77C2B3FEA880092A7AA /* EarlyBird.xcdatamodeld */,
				F05ED90C2B1167EE00948809 /* EarlyBird */,
				F05ED90B2B1167EE00948809 /* Products */,
			);
			sourceTree = "<group>";
		};
		F05ED90B2B1167EE00948809 /* Products */ = {
			isa = PBXGroup;
			children = (
				F05ED90A2B1167EE00948809 /* EarlyBird.app */,
			);
			name = Products;
			sourceTree = "<group>";
		};
		F05ED90C2B1167EE00948809 /* EarlyBird */ = {
			isa = PBXGroup;
			children = (
				F062D9A92B456748000342F2 /* Resources */,
				F0CBC77F2B3FEC5B0092A7AA /* Controllers */,
				F062D9AA2B45674E000342F2 /* Base */,
				F062D9AF2B45678F000342F2 /* Features */,
				F05ED90D2B1167EE00948809 /* EarlyBirdApp.swift */,
				F05ED9112B1167EF00948809 /* Assets.xcassets */,
				F05ED9132B1167EF00948809 /* Preview Content */,
			);
			path = EarlyBird;
			sourceTree = "<group>";
		};
		F05ED9132B1167EF00948809 /* Preview Content */ = {
			isa = PBXGroup;
			children = (
				F05ED9142B1167EF00948809 /* Preview Assets.xcassets */,
			);
			path = "Preview Content";
			sourceTree = "<group>";
		};
		F05ED9242B11774600948809 /* Extensions */ = {
			isa = PBXGroup;
			children = (
				F05ED9252B11775100948809 /* Extensions+String.swift */,
				F05ED9272B1177CC00948809 /* Extensions+TimeInterval.swift */,
				F0256F0F2B288DAE00487995 /* Extension+Date.swift */,
				F08C86F62B38005D0090B55B /* Extension+CancelBag.swift */,
				F0CBC77A2B3FEA3D0092A7AA /* Extension+UIColor.swift */,
				F0CBC7822B3FEE7A0092A7AA /* Extension+Habit.swift */,
				F0CBC7842B3FEF3D0092A7AA /* Extension+Action.swift */,
				F0CBC7912B4017C10092A7AA /* Extension+Color.swift */,
				F05ED92A2B117F1E00948809 /* Extensions+CGFloat.swift */,
			);
			path = Extensions;
			sourceTree = "<group>";
		};
		F062D9A92B456748000342F2 /* Resources */ = {
			isa = PBXGroup;
			children = (
				F062D9AB2B456773000342F2 /* Symbols.swift */,
				F062D9AD2B45677D000342F2 /* Theme.swift */,
				F05ED9242B11774600948809 /* Extensions */,
			);
			path = Resources;
			sourceTree = "<group>";
		};
		F062D9AA2B45674E000342F2 /* Base */ = {
			isa = PBXGroup;
			children = (
				F08C86F22B36ACCF0090B55B /* PresetList.swift */,
				F0A186072B11C392009A2829 /* CustomTimePickers.swift */,
				F0CBC70D2B3AFA000092A7AA /* RadioButton.swift */,
				F070D1E62B48312D007934F8 /* ArcShape.swift */,
			);
			path = Base;
			sourceTree = "<group>";
		};
		F062D9AF2B45678F000342F2 /* Features */ = {
			isa = PBXGroup;
			children = (
				F062D9B12B4567A6000342F2 /* Actions */,
				F062D9B02B456798000342F2 /* Habits */,
				F062D9B22B4567B0000342F2 /* Settings */,
			);
			path = Features;
			sourceTree = "<group>";
		};
		F062D9B02B456798000342F2 /* Habits */ = {
			isa = PBXGroup;
			children = (
				F062D9B52B4567C5000342F2 /* Model */,
				F062D9B32B4567BA000342F2 /* Views */,
				F062D9B42B4567BE000342F2 /* View Models */,
			);
			path = Habits;
			sourceTree = "<group>";
		};
		F062D9B12B4567A6000342F2 /* Actions */ = {
			isa = PBXGroup;
			children = (
				F062D9B62B4567D2000342F2 /* Model */,
				F062D9B82B4567DB000342F2 /* Views */,
				F062D9B72B4567D6000342F2 /* View Models */,
			);
			path = Actions;
			sourceTree = "<group>";
		};
		F062D9B22B4567B0000342F2 /* Settings */ = {
			isa = PBXGroup;
			children = (
			);
			path = Settings;
			sourceTree = "<group>";
		};
		F062D9B32B4567BA000342F2 /* Views */ = {
			isa = PBXGroup;
			children = (
				F0CBC7952B401A180092A7AA /* HabitRow.swift */,
				F0CBC78D2B40163D0092A7AA /* HabitDetailView.swift */,
				F0CBC7892B4014A30092A7AA /* HabitListView.swift */,
				F0EBB7862B46A956006B5975 /* NewHabitView.swift */,
			);
			path = Views;
			sourceTree = "<group>";
		};
		F062D9B42B4567BE000342F2 /* View Models */ = {
			isa = PBXGroup;
			children = (
				F0CBC78F2B4016570092A7AA /* HabitDetailViewModel.swift */,
				F0CBC78B2B4014E00092A7AA /* HabitListViewModel.swift */,
			);
			path = "View Models";
			sourceTree = "<group>";
		};
		F062D9B52B4567C5000342F2 /* Model */ = {
			isa = PBXGroup;
			children = (
				F0CBC70B2B3AF66B0092A7AA /* RoutineField.swift */,
			);
			path = Model;
			sourceTree = "<group>";
		};
		F062D9B62B4567D2000342F2 /* Model */ = {
			isa = PBXGroup;
			children = (
				F0A1860B2B11C9AE009A2829 /* Time.swift */,
				F018B5162B369CEB00099C88 /* TimeRecommendation.swift */,
				F08C86F42B37B3E60090B55B /* SortMenu.swift */,
			);
			path = Model;
			sourceTree = "<group>";
		};
		F062D9B72B4567D6000342F2 /* View Models */ = {
			isa = PBXGroup;
			children = (
				F0CBC7A62B4139760092A7AA /* ActionDetailViewModel.swift */,
				F0CBC79C2B4103640092A7AA /* ActionListViewModel.swift */,
			);
			path = "View Models";
			sourceTree = "<group>";
		};
		F062D9B82B4567DB000342F2 /* Views */ = {
			isa = PBXGroup;
			children = (
				F0CBC79A2B401EF20092A7AA /* ActionListView.swift */,
				F0CBC7A42B4139650092A7AA /* ActionDetailView.swift */,
				F0CBC7AE2B42CC070092A7AA /* TimelineController.swift */,
				F0CBC7A02B410F4B0092A7AA /* ActionRow.swift */,
				F0CBC79E2B4105F80092A7AA /* TimelineSummaryView.swift */,
				F070D1E82B4838C7007934F8 /* HabitTimeView.swift */,
			);
			path = Views;
			sourceTree = "<group>";
		};
		F0CBC77F2B3FEC5B0092A7AA /* Controllers */ = {
			isa = PBXGroup;
			children = (
				F0CBC7802B3FEC8E0092A7AA /* PersistentController.swift */,
				F0CBC7862B3FFF780092A7AA /* HabitStorage.swift */,
				F0CBC7AA2B4168740092A7AA /* ActionStorage.swift */,
			);
			path = Controllers;
			sourceTree = "<group>";
		};
/* End PBXGroup section */

/* Begin PBXNativeTarget section */
		F05ED9092B1167EE00948809 /* EarlyBird */ = {
			isa = PBXNativeTarget;
			buildConfigurationList = F05ED9182B1167EF00948809 /* Build configuration list for PBXNativeTarget "EarlyBird" */;
			buildPhases = (
				F05ED9062B1167EE00948809 /* Sources */,
				F05ED9072B1167EE00948809 /* Frameworks */,
				F05ED9082B1167EE00948809 /* Resources */,
			);
			buildRules = (
			);
			dependencies = (
			);
			name = EarlyBird;
			productName = EarlyBird;
			productReference = F05ED90A2B1167EE00948809 /* EarlyBird.app */;
			productType = "com.apple.product-type.application";
		};
/* End PBXNativeTarget section */

/* Begin PBXProject section */
		F05ED9022B1167EE00948809 /* Project object */ = {
			isa = PBXProject;
			attributes = {
				BuildIndependentTargetsInParallel = 1;
				LastSwiftUpdateCheck = 1500;
				LastUpgradeCheck = 1500;
				TargetAttributes = {
					F05ED9092B1167EE00948809 = {
						CreatedOnToolsVersion = 15.0;
					};
				};
			};
			buildConfigurationList = F05ED9052B1167EE00948809 /* Build configuration list for PBXProject "EarlyBird" */;
			compatibilityVersion = "Xcode 14.0";
			developmentRegion = en;
			hasScannedForEncodings = 0;
			knownRegions = (
				en,
				Base,
			);
			mainGroup = F05ED9012B1167EE00948809;
			productRefGroup = F05ED90B2B1167EE00948809 /* Products */;
			projectDirPath = "";
			projectRoot = "";
			targets = (
				F05ED9092B1167EE00948809 /* EarlyBird */,
			);
		};
/* End PBXProject section */

/* Begin PBXResourcesBuildPhase section */
		F05ED9082B1167EE00948809 /* Resources */ = {
			isa = PBXResourcesBuildPhase;
			buildActionMask = 2147483647;
			files = (
				F05ED9152B1167EF00948809 /* Preview Assets.xcassets in Resources */,
				F05ED9122B1167EF00948809 /* Assets.xcassets in Resources */,
			);
			runOnlyForDeploymentPostprocessing = 0;
		};
/* End PBXResourcesBuildPhase section */

/* Begin PBXSourcesBuildPhase section */
		F05ED9062B1167EE00948809 /* Sources */ = {
			isa = PBXSourcesBuildPhase;
			buildActionMask = 2147483647;
			files = (
				F0CBC7A52B4139650092A7AA /* ActionDetailView.swift in Sources */,
				F0CBC78C2B4014E00092A7AA /* HabitListViewModel.swift in Sources */,
				F08C86F32B36ACCF0090B55B /* PresetList.swift in Sources */,
				F0CBC78E2B40163D0092A7AA /* HabitDetailView.swift in Sources */,
				F018B5172B369CEB00099C88 /* TimeRecommendation.swift in Sources */,
				F0CBC7832B3FEE7A0092A7AA /* Extension+Habit.swift in Sources */,
				F0EBB7872B46A956006B5975 /* NewHabitView.swift in Sources */,
				F0CBC77E2B3FEA880092A7AA /* EarlyBird.xcdatamodeld in Sources */,
				F0CBC7AB2B4168740092A7AA /* ActionStorage.swift in Sources */,
				F05ED92B2B117F1E00948809 /* Extensions+CGFloat.swift in Sources */,
				F0CBC78A2B4014A30092A7AA /* HabitListView.swift in Sources */,
				F0CBC7812B3FEC8E0092A7AA /* PersistentController.swift in Sources */,
				F070D1E92B4838C7007934F8 /* HabitTimeView.swift in Sources */,
				F062D9AE2B45677D000342F2 /* Theme.swift in Sources */,
				F0CBC7A72B4139760092A7AA /* ActionDetailViewModel.swift in Sources */,
				F0A186082B11C392009A2829 /* CustomTimePickers.swift in Sources */,
				F062D9AC2B456773000342F2 /* Symbols.swift in Sources */,
				F0CBC7902B4016570092A7AA /* HabitDetailViewModel.swift in Sources */,
				F0256F102B288DAE00487995 /* Extension+Date.swift in Sources */,
				F05ED90E2B1167EE00948809 /* EarlyBirdApp.swift in Sources */,
				F0CBC7A12B410F4B0092A7AA /* ActionRow.swift in Sources */,
				F0CBC7872B3FFF780092A7AA /* HabitStorage.swift in Sources */,
				F0CBC79D2B4103640092A7AA /* ActionListViewModel.swift in Sources */,
				F0A1860C2B11C9AE009A2829 /* Time.swift in Sources */,
				F05ED9262B11775100948809 /* Extensions+String.swift in Sources */,
				F0CBC7852B3FEF3D0092A7AA /* Extension+Action.swift in Sources */,
				F0CBC7AF2B42CC070092A7AA /* TimelineController.swift in Sources */,
				F0CBC70C2B3AF66B0092A7AA /* RoutineField.swift in Sources */,
				F0CBC77B2B3FEA3D0092A7AA /* Extension+UIColor.swift in Sources */,
				F070D1E72B48312D007934F8 /* ArcShape.swift in Sources */,
				F08C86F52B37B3E60090B55B /* SortMenu.swift in Sources */,
				F0CBC7962B401A180092A7AA /* HabitRow.swift in Sources */,
				F05ED9282B1177CC00948809 /* Extensions+TimeInterval.swift in Sources */,
				F0CBC79F2B4105F80092A7AA /* TimelineSummaryView.swift in Sources */,
				F08C86F72B38005D0090B55B /* Extension+CancelBag.swift in Sources */,
				F0CBC7922B4017C10092A7AA /* Extension+Color.swift in Sources */,
				F0CBC79B2B401EF30092A7AA /* ActionListView.swift in Sources */,
				F0CBC70E2B3AFA000092A7AA /* RadioButton.swift in Sources */,
			);
			runOnlyForDeploymentPostprocessing = 0;
		};
/* End PBXSourcesBuildPhase section */

/* Begin XCBuildConfiguration section */
		F05ED9162B1167EF00948809 /* Debug */ = {
			isa = XCBuildConfiguration;
			buildSettings = {
				ALWAYS_SEARCH_USER_PATHS = NO;
				ASSETCATALOG_COMPILER_GENERATE_SWIFT_ASSET_SYMBOL_EXTENSIONS = YES;
				CLANG_ANALYZER_NONNULL = YES;
				CLANG_ANALYZER_NUMBER_OBJECT_CONVERSION = YES_AGGRESSIVE;
				CLANG_CXX_LANGUAGE_STANDARD = "gnu++20";
				CLANG_ENABLE_MODULES = YES;
				CLANG_ENABLE_OBJC_ARC = YES;
				CLANG_ENABLE_OBJC_WEAK = YES;
				CLANG_WARN_BLOCK_CAPTURE_AUTORELEASING = YES;
				CLANG_WARN_BOOL_CONVERSION = YES;
				CLANG_WARN_COMMA = YES;
				CLANG_WARN_CONSTANT_CONVERSION = YES;
				CLANG_WARN_DEPRECATED_OBJC_IMPLEMENTATIONS = YES;
				CLANG_WARN_DIRECT_OBJC_ISA_USAGE = YES_ERROR;
				CLANG_WARN_DOCUMENTATION_COMMENTS = YES;
				CLANG_WARN_EMPTY_BODY = YES;
				CLANG_WARN_ENUM_CONVERSION = YES;
				CLANG_WARN_INFINITE_RECURSION = YES;
				CLANG_WARN_INT_CONVERSION = YES;
				CLANG_WARN_NON_LITERAL_NULL_CONVERSION = YES;
				CLANG_WARN_OBJC_IMPLICIT_RETAIN_SELF = YES;
				CLANG_WARN_OBJC_LITERAL_CONVERSION = YES;
				CLANG_WARN_OBJC_ROOT_CLASS = YES_ERROR;
				CLANG_WARN_QUOTED_INCLUDE_IN_FRAMEWORK_HEADER = YES;
				CLANG_WARN_RANGE_LOOP_ANALYSIS = YES;
				CLANG_WARN_STRICT_PROTOTYPES = YES;
				CLANG_WARN_SUSPICIOUS_MOVE = YES;
				CLANG_WARN_UNGUARDED_AVAILABILITY = YES_AGGRESSIVE;
				CLANG_WARN_UNREACHABLE_CODE = YES;
				CLANG_WARN__DUPLICATE_METHOD_MATCH = YES;
				COPY_PHASE_STRIP = NO;
				DEBUG_INFORMATION_FORMAT = dwarf;
				ENABLE_STRICT_OBJC_MSGSEND = YES;
				ENABLE_TESTABILITY = YES;
				ENABLE_USER_SCRIPT_SANDBOXING = YES;
				GCC_C_LANGUAGE_STANDARD = gnu17;
				GCC_DYNAMIC_NO_PIC = NO;
				GCC_NO_COMMON_BLOCKS = YES;
				GCC_OPTIMIZATION_LEVEL = 0;
				GCC_PREPROCESSOR_DEFINITIONS = (
					"DEBUG=1",
					"$(inherited)",
				);
				GCC_WARN_64_TO_32_BIT_CONVERSION = YES;
				GCC_WARN_ABOUT_RETURN_TYPE = YES_ERROR;
				GCC_WARN_UNDECLARED_SELECTOR = YES;
				GCC_WARN_UNINITIALIZED_AUTOS = YES_AGGRESSIVE;
				GCC_WARN_UNUSED_FUNCTION = YES;
				GCC_WARN_UNUSED_VARIABLE = YES;
				IPHONEOS_DEPLOYMENT_TARGET = 17.0;
				LOCALIZATION_PREFERS_STRING_CATALOGS = YES;
				MTL_ENABLE_DEBUG_INFO = INCLUDE_SOURCE;
				MTL_FAST_MATH = YES;
				ONLY_ACTIVE_ARCH = YES;
				SDKROOT = iphoneos;
				SWIFT_ACTIVE_COMPILATION_CONDITIONS = "DEBUG $(inherited)";
				SWIFT_OPTIMIZATION_LEVEL = "-Onone";
			};
			name = Debug;
		};
		F05ED9172B1167EF00948809 /* Release */ = {
			isa = XCBuildConfiguration;
			buildSettings = {
				ALWAYS_SEARCH_USER_PATHS = NO;
				ASSETCATALOG_COMPILER_GENERATE_SWIFT_ASSET_SYMBOL_EXTENSIONS = YES;
				CLANG_ANALYZER_NONNULL = YES;
				CLANG_ANALYZER_NUMBER_OBJECT_CONVERSION = YES_AGGRESSIVE;
				CLANG_CXX_LANGUAGE_STANDARD = "gnu++20";
				CLANG_ENABLE_MODULES = YES;
				CLANG_ENABLE_OBJC_ARC = YES;
				CLANG_ENABLE_OBJC_WEAK = YES;
				CLANG_WARN_BLOCK_CAPTURE_AUTORELEASING = YES;
				CLANG_WARN_BOOL_CONVERSION = YES;
				CLANG_WARN_COMMA = YES;
				CLANG_WARN_CONSTANT_CONVERSION = YES;
				CLANG_WARN_DEPRECATED_OBJC_IMPLEMENTATIONS = YES;
				CLANG_WARN_DIRECT_OBJC_ISA_USAGE = YES_ERROR;
				CLANG_WARN_DOCUMENTATION_COMMENTS = YES;
				CLANG_WARN_EMPTY_BODY = YES;
				CLANG_WARN_ENUM_CONVERSION = YES;
				CLANG_WARN_INFINITE_RECURSION = YES;
				CLANG_WARN_INT_CONVERSION = YES;
				CLANG_WARN_NON_LITERAL_NULL_CONVERSION = YES;
				CLANG_WARN_OBJC_IMPLICIT_RETAIN_SELF = YES;
				CLANG_WARN_OBJC_LITERAL_CONVERSION = YES;
				CLANG_WARN_OBJC_ROOT_CLASS = YES_ERROR;
				CLANG_WARN_QUOTED_INCLUDE_IN_FRAMEWORK_HEADER = YES;
				CLANG_WARN_RANGE_LOOP_ANALYSIS = YES;
				CLANG_WARN_STRICT_PROTOTYPES = YES;
				CLANG_WARN_SUSPICIOUS_MOVE = YES;
				CLANG_WARN_UNGUARDED_AVAILABILITY = YES_AGGRESSIVE;
				CLANG_WARN_UNREACHABLE_CODE = YES;
				CLANG_WARN__DUPLICATE_METHOD_MATCH = YES;
				COPY_PHASE_STRIP = NO;
				DEBUG_INFORMATION_FORMAT = "dwarf-with-dsym";
				ENABLE_NS_ASSERTIONS = NO;
				ENABLE_STRICT_OBJC_MSGSEND = YES;
				ENABLE_USER_SCRIPT_SANDBOXING = YES;
				GCC_C_LANGUAGE_STANDARD = gnu17;
				GCC_NO_COMMON_BLOCKS = YES;
				GCC_WARN_64_TO_32_BIT_CONVERSION = YES;
				GCC_WARN_ABOUT_RETURN_TYPE = YES_ERROR;
				GCC_WARN_UNDECLARED_SELECTOR = YES;
				GCC_WARN_UNINITIALIZED_AUTOS = YES_AGGRESSIVE;
				GCC_WARN_UNUSED_FUNCTION = YES;
				GCC_WARN_UNUSED_VARIABLE = YES;
				IPHONEOS_DEPLOYMENT_TARGET = 17.0;
				LOCALIZATION_PREFERS_STRING_CATALOGS = YES;
				MTL_ENABLE_DEBUG_INFO = NO;
				MTL_FAST_MATH = YES;
				SDKROOT = iphoneos;
				SWIFT_COMPILATION_MODE = wholemodule;
				VALIDATE_PRODUCT = YES;
			};
			name = Release;
		};
		F05ED9192B1167EF00948809 /* Debug */ = {
			isa = XCBuildConfiguration;
			buildSettings = {
				ASSETCATALOG_COMPILER_APPICON_NAME = AppIcon;
				ASSETCATALOG_COMPILER_GLOBAL_ACCENT_COLOR_NAME = AccentColor;
				CODE_SIGN_STYLE = Automatic;
				CURRENT_PROJECT_VERSION = 1;
				DEVELOPMENT_ASSET_PATHS = "\"EarlyBird/Preview Content\"";
				DEVELOPMENT_TEAM = VMTM6Y63VB;
				ENABLE_PREVIEWS = YES;
				GENERATE_INFOPLIST_FILE = YES;
				INFOPLIST_KEY_UIApplicationSceneManifest_Generation = YES;
				INFOPLIST_KEY_UIApplicationSupportsIndirectInputEvents = YES;
				INFOPLIST_KEY_UILaunchScreen_Generation = YES;
				INFOPLIST_KEY_UISupportedInterfaceOrientations_iPad = "UIInterfaceOrientationPortrait UIInterfaceOrientationPortraitUpsideDown UIInterfaceOrientationLandscapeLeft UIInterfaceOrientationLandscapeRight";
				INFOPLIST_KEY_UISupportedInterfaceOrientations_iPhone = "UIInterfaceOrientationPortrait UIInterfaceOrientationLandscapeLeft UIInterfaceOrientationLandscapeRight";
				LD_RUNPATH_SEARCH_PATHS = (
					"$(inherited)",
					"@executable_path/Frameworks",
				);
				MARKETING_VERSION = 1.0;
				PRODUCT_BUNDLE_IDENTIFIER = com.carminido.EarlyBird;
				PRODUCT_NAME = "$(TARGET_NAME)";
				SWIFT_EMIT_LOC_STRINGS = YES;
				SWIFT_VERSION = 5.0;
				TARGETED_DEVICE_FAMILY = "1,2";
			};
			name = Debug;
		};
		F05ED91A2B1167EF00948809 /* Release */ = {
			isa = XCBuildConfiguration;
			buildSettings = {
				ASSETCATALOG_COMPILER_APPICON_NAME = AppIcon;
				ASSETCATALOG_COMPILER_GLOBAL_ACCENT_COLOR_NAME = AccentColor;
				CODE_SIGN_STYLE = Automatic;
				CURRENT_PROJECT_VERSION = 1;
				DEVELOPMENT_ASSET_PATHS = "\"EarlyBird/Preview Content\"";
				DEVELOPMENT_TEAM = VMTM6Y63VB;
				ENABLE_PREVIEWS = YES;
				GENERATE_INFOPLIST_FILE = YES;
				INFOPLIST_KEY_UIApplicationSceneManifest_Generation = YES;
				INFOPLIST_KEY_UIApplicationSupportsIndirectInputEvents = YES;
				INFOPLIST_KEY_UILaunchScreen_Generation = YES;
				INFOPLIST_KEY_UISupportedInterfaceOrientations_iPad = "UIInterfaceOrientationPortrait UIInterfaceOrientationPortraitUpsideDown UIInterfaceOrientationLandscapeLeft UIInterfaceOrientationLandscapeRight";
				INFOPLIST_KEY_UISupportedInterfaceOrientations_iPhone = "UIInterfaceOrientationPortrait UIInterfaceOrientationLandscapeLeft UIInterfaceOrientationLandscapeRight";
				LD_RUNPATH_SEARCH_PATHS = (
					"$(inherited)",
					"@executable_path/Frameworks",
				);
				MARKETING_VERSION = 1.0;
				PRODUCT_BUNDLE_IDENTIFIER = com.carminido.EarlyBird;
				PRODUCT_NAME = "$(TARGET_NAME)";
				SWIFT_EMIT_LOC_STRINGS = YES;
				SWIFT_VERSION = 5.0;
				TARGETED_DEVICE_FAMILY = "1,2";
			};
			name = Release;
		};
/* End XCBuildConfiguration section */

/* Begin XCConfigurationList section */
		F05ED9052B1167EE00948809 /* Build configuration list for PBXProject "EarlyBird" */ = {
			isa = XCConfigurationList;
			buildConfigurations = (
				F05ED9162B1167EF00948809 /* Debug */,
				F05ED9172B1167EF00948809 /* Release */,
			);
			defaultConfigurationIsVisible = 0;
			defaultConfigurationName = Release;
		};
		F05ED9182B1167EF00948809 /* Build configuration list for PBXNativeTarget "EarlyBird" */ = {
			isa = XCConfigurationList;
			buildConfigurations = (
				F05ED9192B1167EF00948809 /* Debug */,
				F05ED91A2B1167EF00948809 /* Release */,
			);
			defaultConfigurationIsVisible = 0;
			defaultConfigurationName = Release;
		};
/* End XCConfigurationList section */

/* Begin XCVersionGroup section */
		F0CBC77C2B3FEA880092A7AA /* EarlyBird.xcdatamodeld */ = {
			isa = XCVersionGroup;
			children = (
				F0CBC77D2B3FEA880092A7AA /* EarlyBird.xcdatamodel */,
			);
			currentVersion = F0CBC77D2B3FEA880092A7AA /* EarlyBird.xcdatamodel */;
			path = EarlyBird.xcdatamodeld;
			sourceTree = "<group>";
			versionGroupType = wrapper.xcdatamodel;
		};
/* End XCVersionGroup section */
	};
	rootObject = F05ED9022B1167EE00948809 /* Project object */;
}
